
Microsoft Visual Studio Solution File, Format Version 12.00
# Visual Studio Version 17
VisualStudioVersion = 17.8.34330.188
MinimumVisualStudioVersion = 10.0.40219.1
Project("{FAE04EC0-301F-11D3-BF4B-00C04F79EFBC}") = "Mossad_API", "Mossad_API\Mossad_API.csproj", "{555085BF-6D52-4363-B2DC-BCB99A5D8080}"
EndProject
Global
	GlobalSection(SolutionConfigurationPlatforms) = preSolution
		Debug|Any CPU = Debug|Any CPU
		Release|Any CPU = Release|Any CPU
	EndGlobalSection
	GlobalSection(ProjectConfigurationPlatforms) = postSolution
		{555085BF-6D52-4363-B2DC-BCB99A5D8080}.Debug|Any CPU.ActiveCfg = Debug|Any CPU
		{555085BF-6D52-4363-B2DC-BCB99A5D8080}.Debug|Any CPU.Build.0 = Debug|Any CPU
		{555085BF-6D52-4363-B2DC-BCB99A5D8080}.Release|Any CPU.ActiveCfg = Release|Any CPU
		{555085BF-6D52-4363-B2DC-BCB99A5D8080}.Release|Any CPU.Build.0 = Release|Any CPU
	EndGlobalSection
	GlobalSection(SolutionProperties) = preSolution
		HideSolutionNode = FALSE
	EndGlobalSection
	GlobalSection(ExtensibilityGlobals) = postSolution
		SolutionGuid = {F30CBFD0-019A-4CBD-93F0-45040AF63C5A}
	EndGlobalSection
EndGlobal
